
Microsoft Visual Studio Solution File, Format Version 12.00
# Visual Studio Version 16
VisualStudioVersion = 16.0.31424.327
MinimumVisualStudioVersion = 10.0.40219.1
Project("{8BC9CEB8-8B4A-11D0-8D11-00A0C91BC942}") = "Sort", "Sort\Sort.vcxproj", "{8186A0E5-3B9D-40CE-BB85-693BC4D850E1}"
EndProject
Project("{8BC9CEB8-8B4A-11D0-8D11-00A0C91BC942}") = "Struct_sort", "Struct_sort\Struct_sort.vcxproj", "{E651EED9-720E-4C04-A3C6-35806D5AAAFE}"
EndProject
Global
	GlobalSection(SolutionConfigurationPlatforms) = preSolution
		Debug|x64 = Debug|x64
		Debug|x86 = Debug|x86
		Release|x64 = Release|x64
		Release|x86 = Release|x86
	EndGlobalSection
	GlobalSection(ProjectConfigurationPlatforms) = postSolution
		{8186A0E5-3B9D-40CE-BB85-693BC4D850E1}.Debug|x64.ActiveCfg = Debug|x64
		{8186A0E5-3B9D-40CE-BB85-693BC4D850E1}.Debug|x64.Build.0 = Debug|x64
		{8186A0E5-3B9D-40CE-BB85-693BC4D850E1}.Debug|x86.ActiveCfg = Debug|Win32
		{8186A0E5-3B9D-40CE-BB85-693BC4D850E1}.Debug|x86.Build.0 = Debug|Win32
		{8186A0E5-3B9D-40CE-BB85-693BC4D850E1}.Release|x64.ActiveCfg = Release|x64
		{8186A0E5-3B9D-40CE-BB85-693BC4D850E1}.Release|x64.Build.0 = Release|x64
		{8186A0E5-3B9D-40CE-BB85-693BC4D850E1}.Release|x86.ActiveCfg = Release|Win32
		{8186A0E5-3B9D-40CE-BB85-693BC4D850E1}.Release|x86.Build.0 = Release|Win32
		{E651EED9-720E-4C04-A3C6-35806D5AAAFE}.Debug|x64.ActiveCfg = Debug|x64
		{E651EED9-720E-4C04-A3C6-35806D5AAAFE}.Debug|x64.Build.0 = Debug|x64
		{E651EED9-720E-4C04-A3C6-35806D5AAAFE}.Debug|x86.ActiveCfg = Debug|Win32
		{E651EED9-720E-4C04-A3C6-35806D5AAAFE}.Debug|x86.Build.0 = Debug|Win32
		{E651EED9-720E-4C04-A3C6-35806D5AAAFE}.Release|x64.ActiveCfg = Release|x64
		{E651EED9-720E-4C04-A3C6-35806D5AAAFE}.Release|x64.Build.0 = Release|x64
		{E651EED9-720E-4C04-A3C6-35806D5AAAFE}.Release|x86.ActiveCfg = Release|Win32
		{E651EED9-720E-4C04-A3C6-35806D5AAAFE}.Release|x86.Build.0 = Release|Win32
	EndGlobalSection
	GlobalSection(SolutionProperties) = preSolution
		HideSolutionNode = FALSE
	EndGlobalSection
	GlobalSection(ExtensibilityGlobals) = postSolution
		SolutionGuid = {481DAF99-791F-46BD-87BA-17404867AE93}
	EndGlobalSection
EndGlobal
